
Microsoft Visual Studio Solution File, Format Version 12.00
# Visual Studio 15
VisualStudioVersion = 15.0.27004.2009
MinimumVisualStudioVersion = 15.0.26124.0
Project("{2150E333-8FDC-42A3-9474-1A3956D46DE8}") = "src", "src", "{B664E796-2290-423E-BD0B-0BFB576F3A9B}"
EndProject
Project("{2150E333-8FDC-42A3-9474-1A3956D46DE8}") = "test", "test", "{21C01EFB-2D5A-43DC-A471-5DAD8848FA73}"
EndProject
Project("{6EC3EE1D-3C4E-46DD-8F32-0CC8E7565705}") = "Trader.Application", "src\Trader.Application\Trader.Application.fsproj", "{EA918405-C6D1-44B3-8CC5-182931C20B28}"
EndProject
Project("{6EC3EE1D-3C4E-46DD-8F32-0CC8E7565705}") = "Trader.DependencyResolution", "src\Trader.DependencyResolution\Trader.DependencyResolution.fsproj", "{20BC132A-38A6-4223-9759-2C7E8C7DEBB9}"
EndProject
Project("{6EC3EE1D-3C4E-46DD-8F32-0CC8E7565705}") = "Trader.Domain", "src\Trader.Domain\Trader.Domain.fsproj", "{813CFA2A-055E-48C8-B6FD-F42709A6019E}"
EndProject
Project("{6EC3EE1D-3C4E-46DD-8F32-0CC8E7565705}") = "Trader.Infrastructure", "src\Trader.Infrastructure\Trader.Infrastructure.fsproj", "{F16AFF79-F39E-4335-9B91-191A83961DE5}"
EndProject
Project("{9A19103F-16F7-4668-BE54-9A1E7A4F7556}") = "Trader.Server", "src\Trader.Server\Trader.Server.csproj", "{C3C7D094-9D1A-4416-8092-4EEBCD59AF84}"
EndProject
Project("{6EC3EE1D-3C4E-46DD-8F32-0CC8E7565705}") = "Trader.Application.Test", "test\Trader.Application.Test\Trader.Application.Test.fsproj", "{DA71A70D-62BC-451D-A504-56B819E33A8A}"
EndProject
Project("{6EC3EE1D-3C4E-46DD-8F32-0CC8E7565705}") = "Trader.Domain.Test", "test\Trader.Domain.Test\Trader.Domain.Test.fsproj", "{A0D79D80-0C6A-41D6-9259-63B0CEDB572D}"
EndProject
Project("{6EC3EE1D-3C4E-46DD-8F32-0CC8E7565705}") = "Trader.Persistence", "src\Trader.Persistence\Trader.Persistence.fsproj", "{39430616-687F-4CBB-ACFD-9D6803F77CE9}"
EndProject
Global
	GlobalSection(SolutionConfigurationPlatforms) = preSolution
		Debug|Any CPU = Debug|Any CPU
		Debug|x64 = Debug|x64
		Debug|x86 = Debug|x86
		Release|Any CPU = Release|Any CPU
		Release|x64 = Release|x64
		Release|x86 = Release|x86
	EndGlobalSection
	GlobalSection(ProjectConfigurationPlatforms) = postSolution
		{EA918405-C6D1-44B3-8CC5-182931C20B28}.Debug|Any CPU.ActiveCfg = Debug|Any CPU
		{EA918405-C6D1-44B3-8CC5-182931C20B28}.Debug|Any CPU.Build.0 = Debug|Any CPU
		{EA918405-C6D1-44B3-8CC5-182931C20B28}.Debug|x64.ActiveCfg = Debug|Any CPU
		{EA918405-C6D1-44B3-8CC5-182931C20B28}.Debug|x64.Build.0 = Debug|Any CPU
		{EA918405-C6D1-44B3-8CC5-182931C20B28}.Debug|x86.ActiveCfg = Debug|Any CPU
		{EA918405-C6D1-44B3-8CC5-182931C20B28}.Debug|x86.Build.0 = Debug|Any CPU
		{EA918405-C6D1-44B3-8CC5-182931C20B28}.Release|Any CPU.ActiveCfg = Release|Any CPU
		{EA918405-C6D1-44B3-8CC5-182931C20B28}.Release|Any CPU.Build.0 = Release|Any CPU
		{EA918405-C6D1-44B3-8CC5-182931C20B28}.Release|x64.ActiveCfg = Release|Any CPU
		{EA918405-C6D1-44B3-8CC5-182931C20B28}.Release|x64.Build.0 = Release|Any CPU
		{EA918405-C6D1-44B3-8CC5-182931C20B28}.Release|x86.ActiveCfg = Release|Any CPU
		{EA918405-C6D1-44B3-8CC5-182931C20B28}.Release|x86.Build.0 = Release|Any CPU
		{20BC132A-38A6-4223-9759-2C7E8C7DEBB9}.Debug|Any CPU.ActiveCfg = Debug|Any CPU
		{20BC132A-38A6-4223-9759-2C7E8C7DEBB9}.Debug|Any CPU.Build.0 = Debug|Any CPU
		{20BC132A-38A6-4223-9759-2C7E8C7DEBB9}.Debug|x64.ActiveCfg = Debug|Any CPU
		{20BC132A-38A6-4223-9759-2C7E8C7DEBB9}.Debug|x64.Build.0 = Debug|Any CPU
		{20BC132A-38A6-4223-9759-2C7E8C7DEBB9}.Debug|x86.ActiveCfg = Debug|Any CPU
		{20BC132A-38A6-4223-9759-2C7E8C7DEBB9}.Debug|x86.Build.0 = Debug|Any CPU
		{20BC132A-38A6-4223-9759-2C7E8C7DEBB9}.Release|Any CPU.ActiveCfg = Release|Any CPU
		{20BC132A-38A6-4223-9759-2C7E8C7DEBB9}.Release|Any CPU.Build.0 = Release|Any CPU
		{20BC132A-38A6-4223-9759-2C7E8C7DEBB9}.Release|x64.ActiveCfg = Release|Any CPU
		{20BC132A-38A6-4223-9759-2C7E8C7DEBB9}.Release|x64.Build.0 = Release|Any CPU
		{20BC132A-38A6-4223-9759-2C7E8C7DEBB9}.Release|x86.ActiveCfg = Release|Any CPU
		{20BC132A-38A6-4223-9759-2C7E8C7DEBB9}.Release|x86.Build.0 = Release|Any CPU
		{813CFA2A-055E-48C8-B6FD-F42709A6019E}.Debug|Any CPU.ActiveCfg = Debug|Any CPU
		{813CFA2A-055E-48C8-B6FD-F42709A6019E}.Debug|Any CPU.Build.0 = Debug|Any CPU
		{813CFA2A-055E-48C8-B6FD-F42709A6019E}.Debug|x64.ActiveCfg = Debug|Any CPU
		{813CFA2A-055E-48C8-B6FD-F42709A6019E}.Debug|x64.Build.0 = Debug|Any CPU
		{813CFA2A-055E-48C8-B6FD-F42709A6019E}.Debug|x86.ActiveCfg = Debug|Any CPU
		{813CFA2A-055E-48C8-B6FD-F42709A6019E}.Debug|x86.Build.0 = Debug|Any CPU
		{813CFA2A-055E-48C8-B6FD-F42709A6019E}.Release|Any CPU.ActiveCfg = Release|Any CPU
		{813CFA2A-055E-48C8-B6FD-F42709A6019E}.Release|Any CPU.Build.0 = Release|Any CPU
		{813CFA2A-055E-48C8-B6FD-F42709A6019E}.Release|x64.ActiveCfg = Release|Any CPU
		{813CFA2A-055E-48C8-B6FD-F42709A6019E}.Release|x64.Build.0 = Release|Any CPU
		{813CFA2A-055E-48C8-B6FD-F42709A6019E}.Release|x86.ActiveCfg = Release|Any CPU
		{813CFA2A-055E-48C8-B6FD-F42709A6019E}.Release|x86.Build.0 = Release|Any CPU
		{F16AFF79-F39E-4335-9B91-191A83961DE5}.Debug|Any CPU.ActiveCfg = Debug|Any CPU
		{F16AFF79-F39E-4335-9B91-191A83961DE5}.Debug|Any CPU.Build.0 = Debug|Any CPU
		{F16AFF79-F39E-4335-9B91-191A83961DE5}.Debug|x64.ActiveCfg = Debug|Any CPU
		{F16AFF79-F39E-4335-9B91-191A83961DE5}.Debug|x64.Build.0 = Debug|Any CPU
		{F16AFF79-F39E-4335-9B91-191A83961DE5}.Debug|x86.ActiveCfg = Debug|Any CPU
		{F16AFF79-F39E-4335-9B91-191A83961DE5}.Debug|x86.Build.0 = Debug|Any CPU
		{F16AFF79-F39E-4335-9B91-191A83961DE5}.Release|Any CPU.ActiveCfg = Release|Any CPU
		{F16AFF79-F39E-4335-9B91-191A83961DE5}.Release|Any CPU.Build.0 = Release|Any CPU
		{F16AFF79-F39E-4335-9B91-191A83961DE5}.Release|x64.ActiveCfg = Release|Any CPU
		{F16AFF79-F39E-4335-9B91-191A83961DE5}.Release|x64.Build.0 = Release|Any CPU
		{F16AFF79-F39E-4335-9B91-191A83961DE5}.Release|x86.ActiveCfg = Release|Any CPU
		{F16AFF79-F39E-4335-9B91-191A83961DE5}.Release|x86.Build.0 = Release|Any CPU
		{C3C7D094-9D1A-4416-8092-4EEBCD59AF84}.Debug|Any CPU.ActiveCfg = Debug|Any CPU
		{C3C7D094-9D1A-4416-8092-4EEBCD59AF84}.Debug|Any CPU.Build.0 = Debug|Any CPU
		{C3C7D094-9D1A-4416-8092-4EEBCD59AF84}.Debug|x64.ActiveCfg = Debug|Any CPU
		{C3C7D094-9D1A-4416-8092-4EEBCD59AF84}.Debug|x64.Build.0 = Debug|Any CPU
		{C3C7D094-9D1A-4416-8092-4EEBCD59AF84}.Debug|x86.ActiveCfg = Debug|Any CPU
		{C3C7D094-9D1A-4416-8092-4EEBCD59AF84}.Debug|x86.Build.0 = Debug|Any CPU
		{C3C7D094-9D1A-4416-8092-4EEBCD59AF84}.Release|Any CPU.ActiveCfg = Release|Any CPU
		{C3C7D094-9D1A-4416-8092-4EEBCD59AF84}.Release|Any CPU.Build.0 = Release|Any CPU
		{C3C7D094-9D1A-4416-8092-4EEBCD59AF84}.Release|x64.ActiveCfg = Release|Any CPU
		{C3C7D094-9D1A-4416-8092-4EEBCD59AF84}.Release|x64.Build.0 = Release|Any CPU
		{C3C7D094-9D1A-4416-8092-4EEBCD59AF84}.Release|x86.ActiveCfg = Release|Any CPU
		{C3C7D094-9D1A-4416-8092-4EEBCD59AF84}.Release|x86.Build.0 = Release|Any CPU
		{DA71A70D-62BC-451D-A504-56B819E33A8A}.Debug|Any CPU.ActiveCfg = Debug|Any CPU
		{DA71A70D-62BC-451D-A504-56B819E33A8A}.Debug|Any CPU.Build.0 = Debug|Any CPU
		{DA71A70D-62BC-451D-A504-56B819E33A8A}.Debug|x64.ActiveCfg = Debug|Any CPU
		{DA71A70D-62BC-451D-A504-56B819E33A8A}.Debug|x64.Build.0 = Debug|Any CPU
		{DA71A70D-62BC-451D-A504-56B819E33A8A}.Debug|x86.ActiveCfg = Debug|Any CPU
		{DA71A70D-62BC-451D-A504-56B819E33A8A}.Debug|x86.Build.0 = Debug|Any CPU
		{DA71A70D-62BC-451D-A504-56B819E33A8A}.Release|Any CPU.ActiveCfg = Release|Any CPU
		{DA71A70D-62BC-451D-A504-56B819E33A8A}.Release|Any CPU.Build.0 = Release|Any CPU
		{DA71A70D-62BC-451D-A504-56B819E33A8A}.Release|x64.ActiveCfg = Release|Any CPU
		{DA71A70D-62BC-451D-A504-56B819E33A8A}.Release|x64.Build.0 = Release|Any CPU
		{DA71A70D-62BC-451D-A504-56B819E33A8A}.Release|x86.ActiveCfg = Release|Any CPU
		{DA71A70D-62BC-451D-A504-56B819E33A8A}.Release|x86.Build.0 = Release|Any CPU
		{A0D79D80-0C6A-41D6-9259-63B0CEDB572D}.Debug|Any CPU.ActiveCfg = Debug|Any CPU
		{A0D79D80-0C6A-41D6-9259-63B0CEDB572D}.Debug|Any CPU.Build.0 = Debug|Any CPU
		{A0D79D80-0C6A-41D6-9259-63B0CEDB572D}.Debug|x64.ActiveCfg = Debug|Any CPU
		{A0D79D80-0C6A-41D6-9259-63B0CEDB572D}.Debug|x64.Build.0 = Debug|Any CPU
		{A0D79D80-0C6A-41D6-9259-63B0CEDB572D}.Debug|x86.ActiveCfg = Debug|Any CPU
		{A0D79D80-0C6A-41D6-9259-63B0CEDB572D}.Debug|x86.Build.0 = Debug|Any CPU
		{A0D79D80-0C6A-41D6-9259-63B0CEDB572D}.Release|Any CPU.ActiveCfg = Release|Any CPU
		{A0D79D80-0C6A-41D6-9259-63B0CEDB572D}.Release|Any CPU.Build.0 = Release|Any CPU
		{A0D79D80-0C6A-41D6-9259-63B0CEDB572D}.Release|x64.ActiveCfg = Release|Any CPU
		{A0D79D80-0C6A-41D6-9259-63B0CEDB572D}.Release|x64.Build.0 = Release|Any CPU
		{A0D79D80-0C6A-41D6-9259-63B0CEDB572D}.Release|x86.ActiveCfg = Release|Any CPU
		{A0D79D80-0C6A-41D6-9259-63B0CEDB572D}.Release|x86.Build.0 = Release|Any CPU
		{39430616-687F-4CBB-ACFD-9D6803F77CE9}.Debug|Any CPU.ActiveCfg = Debug|Any CPU
		{39430616-687F-4CBB-ACFD-9D6803F77CE9}.Debug|Any CPU.Build.0 = Debug|Any CPU
		{39430616-687F-4CBB-ACFD-9D6803F77CE9}.Debug|x64.ActiveCfg = Debug|Any CPU
		{39430616-687F-4CBB-ACFD-9D6803F77CE9}.Debug|x64.Build.0 = Debug|Any CPU
		{39430616-687F-4CBB-ACFD-9D6803F77CE9}.Debug|x86.ActiveCfg = Debug|Any CPU
		{39430616-687F-4CBB-ACFD-9D6803F77CE9}.Debug|x86.Build.0 = Debug|Any CPU
		{39430616-687F-4CBB-ACFD-9D6803F77CE9}.Release|Any CPU.ActiveCfg = Release|Any CPU
		{39430616-687F-4CBB-ACFD-9D6803F77CE9}.Release|Any CPU.Build.0 = Release|Any CPU
		{39430616-687F-4CBB-ACFD-9D6803F77CE9}.Release|x64.ActiveCfg = Release|Any CPU
		{39430616-687F-4CBB-ACFD-9D6803F77CE9}.Release|x64.Build.0 = Release|Any CPU
		{39430616-687F-4CBB-ACFD-9D6803F77CE9}.Release|x86.ActiveCfg = Release|Any CPU
		{39430616-687F-4CBB-ACFD-9D6803F77CE9}.Release|x86.Build.0 = Release|Any CPU
	EndGlobalSection
	GlobalSection(SolutionProperties) = preSolution
		HideSolutionNode = FALSE
	EndGlobalSection
	GlobalSection(NestedProjects) = preSolution
		{EA918405-C6D1-44B3-8CC5-182931C20B28} = {B664E796-2290-423E-BD0B-0BFB576F3A9B}
		{20BC132A-38A6-4223-9759-2C7E8C7DEBB9} = {B664E796-2290-423E-BD0B-0BFB576F3A9B}
		{813CFA2A-055E-48C8-B6FD-F42709A6019E} = {B664E796-2290-423E-BD0B-0BFB576F3A9B}
		{F16AFF79-F39E-4335-9B91-191A83961DE5} = {B664E796-2290-423E-BD0B-0BFB576F3A9B}
		{C3C7D094-9D1A-4416-8092-4EEBCD59AF84} = {B664E796-2290-423E-BD0B-0BFB576F3A9B}
		{DA71A70D-62BC-451D-A504-56B819E33A8A} = {21C01EFB-2D5A-43DC-A471-5DAD8848FA73}
		{A0D79D80-0C6A-41D6-9259-63B0CEDB572D} = {21C01EFB-2D5A-43DC-A471-5DAD8848FA73}
		{39430616-687F-4CBB-ACFD-9D6803F77CE9} = {B664E796-2290-423E-BD0B-0BFB576F3A9B}
	EndGlobalSection
	GlobalSection(ExtensibilityGlobals) = postSolution
		SolutionGuid = {8F70CA37-43A1-42CF-87FD-19C14B81D77C}
	EndGlobalSection
EndGlobal
